{
  "version": 4,
  "terraform_version": "1.0.7",
  "serial": 20,
  "lineage": "e49bc528-6f15-2e23-2425-d5965c63e2dd",
  "outputs": {},
  "resources": [
    {
      "module": "module.network",
      "mode": "managed",
      "type": "aws_eks_cluster",
      "name": "jungle_eks_cluster",
      "provider": "module.network.provider[\"registry.terraform.io/hashicorp/aws\"]",
      "instances": [
        {
          "schema_version": 0,
          "attributes": {
            "arn": "arn:aws:eks:ap-south-1:260236618763:cluster/jungle-eks-cluster",
            "certificate_authority": [
              {
                "data": "LS0tLS1CRUdJTiBDRVJUSUZJQ0FURS0tLS0tCk1JSUM1ekNDQWMrZ0F3SUJBZ0lCQURBTkJna3Foa2lHOXcwQkFRc0ZBREFWTVJNd0VRWURWUVFERXdwcmRXSmwKY201bGRHVnpNQjRYRFRJeE1UQXhOekE1TURjeU1Gb1hEVE14TVRBeE5UQTVNRGN5TUZvd0ZURVRNQkVHQTFVRQpBeE1LYTNWaVpYSnVaWFJsY3pDQ0FTSXdEUVlKS29aSWh2Y05BUUVCQlFBRGdnRVBBRENDQVFvQ2dnRUJBTTQzCk81VWI3eEVUNnBxQUtPQWtzSHhvVzgyanR6aGphKytjYmhKVFV5TklXWnVhbzd3ZC9qMzVPRFpubzdEMzgzb0IKUFlIVTcrTU9zT2pXZmc3WVRFZ21rSzBOOFJvNm9GZWcyYVJFNGJPUkRsKytIL0krdVFwT2dXVnlFVzJybEZSbgoxb1orL3dPcW5RZ3oyVTVrdnZNV25yeDI2OVdEZkdnRFdwZWJkWlZjVEQ0WEUzTkh6blNNQ0VzU2pGOEY0UCtwCmM2KzNDTGxvaDNUT0dsRzhic1I1V3M4VGM2blhBWUl4RjBLaHZ6Zk8xdjJ4aFVOUVdjSTFMMllHdVZHaFlGL1EKQVFSV1ZvS3lhSUE0UnZ0Tk0rRUFFalFLMUpuUVd2SGhiWVFhLzl0WklnN001M0xBMEhuTm83dm9EVnN0VkJNegpEODAxYlFCNkVscTNZZ3ZmKzNFQ0F3RUFBYU5DTUVBd0RnWURWUjBQQVFIL0JBUURBZ0trTUE4R0ExVWRFd0VCCi93UUZNQU1CQWY4d0hRWURWUjBPQkJZRUZLaHU0eXJqNldIdUNZWENKN2pRVkR5UjRmcDhNQTBHQ1NxR1NJYjMKRFFFQkN3VUFBNElCQVFDWWYrU0hPVTBRdWUwUXRYY3NzdEZiVWdlRGFxOVpNb3d6OTZSK2pObEpXcmFUbjF0OApuZVN0NUlxQytSbitDL0RBQlptN2F0VXNuK1pNLzJCZFVBZnZDQlQ2eGRPd1NMQUxpRmJ0NFVld2toVFcwR0k0ClJJTFg0SWxQc2huaXhDMUczaEp4amhLb045OE9LSi9sbG9hTHZVdlhVMEJ2alR1MmdLZHlzN1NOYWI5bVBrZ3YKU2dvRWQ4bGdhRDFITzdaZ1Q0ZTNzTFA2YktDODdFdFdKRmJQOURuMjRLTFRSeGJHWWdUZE1JMGVWZkUrNG8rYwpMRDBqNXhqZ3RJTks5cFNLMGxpTDQ1MXBuZjNzRFhueXlQR21MWEpvaElMeXF2NmZselhsOXNSc0tzaHFiSjdFCjFDdmt6MGdxaHI3VmJRNkZlUGVYZ3EvVzdSamRNZ1J1REFmUQotLS0tLUVORCBDRVJUSUZJQ0FURS0tLS0tCg=="
              }
            ],
            "created_at": "2021-10-17 09:00:28.48 +0000 UTC",
            "enabled_cluster_log_types": [],
            "encryption_config": [],
            "endpoint": "https://3EC3D53326E32F4211E1C60C5C225B21.gr7.ap-south-1.eks.amazonaws.com",
            "id": "jungle-eks-cluster",
            "identity": [
              {
                "oidc": [
                  {
                    "issuer": "https://oidc.eks.ap-south-1.amazonaws.com/id/3EC3D53326E32F4211E1C60C5C225B21"
                  }
                ]
              }
            ],
            "kubernetes_network_config": [
              {
                "service_ipv4_cidr": "172.20.0.0/16"
              }
            ],
            "name": "jungle-eks-cluster",
            "platform_version": "eks.2",
            "role_arn": "arn:aws:iam::260236618763:role/jungle-cluster-role",
            "status": "ACTIVE",
            "tags": {},
            "tags_all": {},
            "timeouts": null,
            "version": "1.21",
            "vpc_config": [
              {
                "cluster_security_group_id": "sg-0b72c6c5ddd80c6dd",
                "endpoint_private_access": false,
                "endpoint_public_access": true,
                "public_access_cidrs": [
                  "0.0.0.0/0"
                ],
                "security_group_ids": [
                  "sg-0f083409dda6ca7e7"
                ],
                "subnet_ids": [
                  "subnet-0349e36d07e4ce1e7",
                  "subnet-0970f4dc75659d01e"
                ],
                "vpc_id": "vpc-00c6e8554025642d7"
              }
            ]
          },
          "sensitive_attributes": [],
          "private": "eyJlMmJmYjczMC1lY2FhLTExZTYtOGY4OC0zNDM2M2JjN2M0YzAiOnsiY3JlYXRlIjoxODAwMDAwMDAwMDAwLCJkZWxldGUiOjkwMDAwMDAwMDAwMCwidXBkYXRlIjozNjAwMDAwMDAwMDAwfX0=",
          "dependencies": [
            "module.network.aws_iam_role.jungle_cluster_role",
            "module.network.aws_iam_role_policy_attachment.jungle_cluster_AmazonEKSClusterPolicy",
            "module.network.aws_iam_role_policy_attachment.jungle_cluster_AmazonEKSVPCResourceController",
            "module.network.aws_security_group.jungle_cluster_sg",
            "module.network.aws_subnet.jungle_subnet",
            "module.network.aws_vpc.jungle_vpc"
          ]
        }
      ]
    },
    {
      "module": "module.network",
      "mode": "managed",
      "type": "aws_eks_node_group",
      "name": "jungle_ng",
      "provider": "module.network.provider[\"registry.terraform.io/hashicorp/aws\"]",
      "instances": [
        {
          "schema_version": 0,
          "attributes": {
            "ami_type": "AL2_x86_64",
            "arn": "arn:aws:eks:ap-south-1:260236618763:nodegroup/jungle-eks-cluster/jungle-ng-1/90be46c2-1ff5-6922-72d1-819c32405f6a",
            "capacity_type": "ON_DEMAND",
            "cluster_name": "jungle-eks-cluster",
            "disk_size": 20,
            "force_update_version": null,
            "id": "jungle-eks-cluster:jungle-ng-1",
            "instance_types": [
              "t3.medium"
            ],
            "labels": {},
            "launch_template": [],
            "node_group_name": "jungle-ng-1",
            "node_group_name_prefix": "",
            "node_role_arn": "arn:aws:iam::260236618763:role/jungle-eks-node",
            "release_version": "1.21.4-20211008",
            "remote_access": [],
            "resources": [
              {
                "autoscaling_groups": [
                  {
                    "name": "eks-jungle-ng-1-90be46c2-1ff5-6922-72d1-819c32405f6a"
                  }
                ],
                "remote_access_security_group_id": ""
              }
            ],
            "scaling_config": [
              {
                "desired_size": 1,
                "max_size": 1,
                "min_size": 1
              }
            ],
            "status": "ACTIVE",
            "subnet_ids": [
              "subnet-0349e36d07e4ce1e7",
              "subnet-0970f4dc75659d01e"
            ],
            "tags": {},
            "tags_all": {},
            "taint": [],
            "timeouts": null,
            "update_config": [
              {
                "max_unavailable": 1,
                "max_unavailable_percentage": 0
              }
            ],
            "version": "1.21"
          },
          "sensitive_attributes": [],
          "private": "eyJlMmJmYjczMC1lY2FhLTExZTYtOGY4OC0zNDM2M2JjN2M0YzAiOnsiY3JlYXRlIjozNjAwMDAwMDAwMDAwLCJkZWxldGUiOjM2MDAwMDAwMDAwMDAsInVwZGF0ZSI6MzYwMDAwMDAwMDAwMH19",
          "dependencies": [
            "module.network.aws_vpc.jungle_vpc",
            "module.network.aws_iam_role_policy_attachment.jungle_cluster_AmazonEKSClusterPolicy",
            "module.network.aws_iam_role_policy_attachment.jungle_node_AmazonEC2ContainerRegistryReadOnly",
            "module.network.aws_iam_role_policy_attachment.jungle_node_AmazonEKSWorkerNodePolicy",
            "module.network.aws_iam_role_policy_attachment.jungle_cluster_AmazonEKSVPCResourceController",
            "module.network.aws_iam_role_policy_attachment.jungle_node_AmazonEKS_CNI_Policy",
            "module.network.aws_security_group.jungle_cluster_sg",
            "module.network.aws_subnet.jungle_subnet",
            "module.network.aws_eks_cluster.jungle_eks_cluster",
            "module.network.aws_iam_role.jungle_cluster_role",
            "module.network.aws_iam_role.jungle_node"
          ]
        }
      ]
    },
    {
      "module": "module.network",
      "mode": "managed",
      "type": "aws_iam_role",
      "name": "jungle_cluster_role",
      "provider": "module.network.provider[\"registry.terraform.io/hashicorp/aws\"]",
      "instances": [
        {
          "schema_version": 0,
          "attributes": {
            "arn": "arn:aws:iam::260236618763:role/jungle-cluster-role",
            "assume_role_policy": "{\"Version\":\"2012-10-17\",\"Statement\":[{\"Effect\":\"Allow\",\"Principal\":{\"Service\":\"eks.amazonaws.com\"},\"Action\":\"sts:AssumeRole\"}]}",
            "create_date": "2021-10-17T09:00:08Z",
            "description": "",
            "force_detach_policies": false,
            "id": "jungle-cluster-role",
            "inline_policy": [
              {
                "name": "",
                "policy": ""
              }
            ],
            "managed_policy_arns": [
              "arn:aws:iam::aws:policy/AmazonEKSClusterPolicy",
              "arn:aws:iam::aws:policy/AmazonEKSVPCResourceController"
            ],
            "max_session_duration": 3600,
            "name": "jungle-cluster-role",
            "name_prefix": "",
            "path": "/",
            "permissions_boundary": null,
            "tags": {},
            "tags_all": {},
            "unique_id": "AROATZF2PVQFU2GQNPEIU"
          },
          "sensitive_attributes": [],
          "private": "bnVsbA=="
        }
      ]
    },
    {
      "module": "module.network",
      "mode": "managed",
      "type": "aws_iam_role",
      "name": "jungle_node",
      "provider": "module.network.provider[\"registry.terraform.io/hashicorp/aws\"]",
      "instances": [
        {
          "schema_version": 0,
          "attributes": {
            "arn": "arn:aws:iam::260236618763:role/jungle-eks-node",
            "assume_role_policy": "{\"Version\":\"2012-10-17\",\"Statement\":[{\"Effect\":\"Allow\",\"Principal\":{\"Service\":\"ec2.amazonaws.com\"},\"Action\":\"sts:AssumeRole\"}]}",
            "create_date": "2021-10-17T09:00:08Z",
            "description": "",
            "force_detach_policies": false,
            "id": "jungle-eks-node",
            "inline_policy": [
              {
                "name": "",
                "policy": ""
              }
            ],
            "managed_policy_arns": [
              "arn:aws:iam::aws:policy/AmazonEC2ContainerRegistryReadOnly",
              "arn:aws:iam::aws:policy/AmazonEKSWorkerNodePolicy",
              "arn:aws:iam::aws:policy/AmazonEKS_CNI_Policy"
            ],
            "max_session_duration": 3600,
            "name": "jungle-eks-node",
            "name_prefix": "",
            "path": "/",
            "permissions_boundary": null,
            "tags": {},
            "tags_all": {},
            "unique_id": "AROATZF2PVQFYE6M7MYNP"
          },
          "sensitive_attributes": [],
          "private": "bnVsbA=="
        }
      ]
    },
    {
      "module": "module.network",
      "mode": "managed",
      "type": "aws_iam_role_policy_attachment",
      "name": "jungle_cluster_AmazonEKSClusterPolicy",
      "provider": "module.network.provider[\"registry.terraform.io/hashicorp/aws\"]",
      "instances": [
        {
          "schema_version": 0,
          "attributes": {
            "id": "jungle-cluster-role-20211017090016054200000004",
            "policy_arn": "arn:aws:iam::aws:policy/AmazonEKSClusterPolicy",
            "role": "jungle-cluster-role"
          },
          "sensitive_attributes": [],
          "private": "bnVsbA==",
          "dependencies": [
            "module.network.aws_iam_role.jungle_cluster_role"
          ]
        }
      ]
    },
    {
      "module": "module.network",
      "mode": "managed",
      "type": "aws_iam_role_policy_attachment",
      "name": "jungle_cluster_AmazonEKSVPCResourceController",
      "provider": "module.network.provider[\"registry.terraform.io/hashicorp/aws\"]",
      "instances": [
        {
          "schema_version": 0,
          "attributes": {
            "id": "jungle-cluster-role-20211017090016087400000005",
            "policy_arn": "arn:aws:iam::aws:policy/AmazonEKSVPCResourceController",
            "role": "jungle-cluster-role"
          },
          "sensitive_attributes": [],
          "private": "bnVsbA==",
          "dependencies": [
            "module.network.aws_iam_role.jungle_cluster_role"
          ]
        }
      ]
    },
    {
      "module": "module.network",
      "mode": "managed",
      "type": "aws_iam_role_policy_attachment",
      "name": "jungle_node_AmazonEC2ContainerRegistryReadOnly",
      "provider": "module.network.provider[\"registry.terraform.io/hashicorp/aws\"]",
      "instances": [
        {
          "schema_version": 0,
          "attributes": {
            "id": "jungle-eks-node-20211017090014699500000002",
            "policy_arn": "arn:aws:iam::aws:policy/AmazonEC2ContainerRegistryReadOnly",
            "role": "jungle-eks-node"
          },
          "sensitive_attributes": [],
          "private": "bnVsbA==",
          "dependencies": [
            "module.network.aws_iam_role.jungle_node"
          ]
        }
      ]
    },
    {
      "module": "module.network",
      "mode": "managed",
      "type": "aws_iam_role_policy_attachment",
      "name": "jungle_node_AmazonEKSWorkerNodePolicy",
      "provider": "module.network.provider[\"registry.terraform.io/hashicorp/aws\"]",
      "instances": [
        {
          "schema_version": 0,
          "attributes": {
            "id": "jungle-eks-node-20211017090014681900000001",
            "policy_arn": "arn:aws:iam::aws:policy/AmazonEKSWorkerNodePolicy",
            "role": "jungle-eks-node"
          },
          "sensitive_attributes": [],
          "private": "bnVsbA==",
          "dependencies": [
            "module.network.aws_iam_role.jungle_node"
          ]
        }
      ]
    },
    {
      "module": "module.network",
      "mode": "managed",
      "type": "aws_iam_role_policy_attachment",
      "name": "jungle_node_AmazonEKS_CNI_Policy",
      "provider": "module.network.provider[\"registry.terraform.io/hashicorp/aws\"]",
      "instances": [
        {
          "schema_version": 0,
          "attributes": {
            "id": "jungle-eks-node-20211017090014732200000003",
            "policy_arn": "arn:aws:iam::aws:policy/AmazonEKS_CNI_Policy",
            "role": "jungle-eks-node"
          },
          "sensitive_attributes": [],
          "private": "bnVsbA==",
          "dependencies": [
            "module.network.aws_iam_role.jungle_node"
          ]
        }
      ]
    },
    {
      "module": "module.network",
      "mode": "managed",
      "type": "aws_internet_gateway",
      "name": "jungle_igw",
      "provider": "module.network.provider[\"registry.terraform.io/hashicorp/aws\"]",
      "instances": [
        {
          "schema_version": 0,
          "attributes": {
            "arn": "arn:aws:ec2:ap-south-1:260236618763:internet-gateway/igw-0a8055252279602d3",
            "id": "igw-0a8055252279602d3",
            "owner_id": "260236618763",
            "tags": {
              "Name": "jungle-eks-igw"
            },
            "tags_all": {
              "Name": "jungle-eks-igw"
            },
            "vpc_id": "vpc-00c6e8554025642d7"
          },
          "sensitive_attributes": [],
          "private": "bnVsbA==",
          "dependencies": [
            "module.network.aws_vpc.jungle_vpc"
          ]
        }
      ]
    },
    {
      "module": "module.network",
      "mode": "managed",
      "type": "aws_route_table",
      "name": "jungle_route_table",
      "provider": "module.network.provider[\"registry.terraform.io/hashicorp/aws\"]",
      "instances": [
        {
          "schema_version": 0,
          "attributes": {
            "arn": "arn:aws:ec2:ap-south-1:260236618763:route-table/rtb-089c3dc8baf8f07a2",
            "id": "rtb-089c3dc8baf8f07a2",
            "owner_id": "260236618763",
            "propagating_vgws": [],
            "route": [
              {
                "carrier_gateway_id": "",
                "cidr_block": "0.0.0.0/0",
                "destination_prefix_list_id": "",
                "egress_only_gateway_id": "",
                "gateway_id": "igw-0a8055252279602d3",
                "instance_id": "",
                "ipv6_cidr_block": "",
                "local_gateway_id": "",
                "nat_gateway_id": "",
                "network_interface_id": "",
                "transit_gateway_id": "",
                "vpc_endpoint_id": "",
                "vpc_peering_connection_id": ""
              }
            ],
            "tags": {},
            "tags_all": {},
            "timeouts": null,
            "vpc_id": "vpc-00c6e8554025642d7"
          },
          "sensitive_attributes": [],
          "private": "eyJlMmJmYjczMC1lY2FhLTExZTYtOGY4OC0zNDM2M2JjN2M0YzAiOnsiY3JlYXRlIjoxMjAwMDAwMDAwMDAsImRlbGV0ZSI6MzAwMDAwMDAwMDAwLCJ1cGRhdGUiOjEyMDAwMDAwMDAwMH19",
          "dependencies": [
            "module.network.aws_internet_gateway.jungle_igw",
            "module.network.aws_vpc.jungle_vpc"
          ]
        }
      ]
    },
    {
      "module": "module.network",
      "mode": "managed",
      "type": "aws_route_table_association",
      "name": "jungle_route_table_association",
      "provider": "module.network.provider[\"registry.terraform.io/hashicorp/aws\"]",
      "instances": [
        {
          "index_key": 0,
          "schema_version": 0,
          "attributes": {
            "gateway_id": "",
            "id": "rtbassoc-0ba185d9b4e7ab557",
            "route_table_id": "rtb-089c3dc8baf8f07a2",
            "subnet_id": "subnet-0970f4dc75659d01e"
          },
          "sensitive_attributes": [],
          "private": "bnVsbA==",
          "dependencies": [
            "module.network.aws_internet_gateway.jungle_igw",
            "module.network.aws_route_table.jungle_route_table",
            "module.network.aws_subnet.jungle_subnet",
            "module.network.aws_vpc.jungle_vpc"
          ]
        },
        {
          "index_key": 1,
          "schema_version": 0,
          "attributes": {
            "gateway_id": "",
            "id": "rtbassoc-0722bde7fa0b87807",
            "route_table_id": "rtb-089c3dc8baf8f07a2",
            "subnet_id": "subnet-0349e36d07e4ce1e7"
          },
          "sensitive_attributes": [],
          "private": "bnVsbA==",
          "dependencies": [
            "module.network.aws_route_table.jungle_route_table",
            "module.network.aws_subnet.jungle_subnet",
            "module.network.aws_vpc.jungle_vpc",
            "module.network.aws_internet_gateway.jungle_igw"
          ]
        }
      ]
    },
    {
      "module": "module.network",
      "mode": "managed",
      "type": "aws_security_group",
      "name": "jungle_cluster_sg",
      "provider": "module.network.provider[\"registry.terraform.io/hashicorp/aws\"]",
      "instances": [
        {
          "schema_version": 1,
          "attributes": {
            "arn": "arn:aws:ec2:ap-south-1:260236618763:security-group/sg-0f083409dda6ca7e7",
            "description": "Cluster communication with worker nodes",
            "egress": [
              {
                "cidr_blocks": [
                  "0.0.0.0/0"
                ],
                "description": "",
                "from_port": 0,
                "ipv6_cidr_blocks": [],
                "prefix_list_ids": [],
                "protocol": "-1",
                "security_groups": [],
                "self": false,
                "to_port": 0
              }
            ],
            "id": "sg-0f083409dda6ca7e7",
            "ingress": [
              {
                "cidr_blocks": [
                  "0.0.0.0/0"
                ],
                "description": "Allow to communicate with the cluster API Server",
                "from_port": 443,
                "ipv6_cidr_blocks": [],
                "prefix_list_ids": [],
                "protocol": "tcp",
                "security_groups": [],
                "self": false,
                "to_port": 443
              }
            ],
            "name": "jungle-cluster-sg",
            "name_prefix": "",
            "owner_id": "260236618763",
            "revoke_rules_on_delete": false,
            "tags": {
              "Name": "jungle-eks"
            },
            "tags_all": {
              "Name": "jungle-eks"
            },
            "timeouts": null,
            "vpc_id": "vpc-00c6e8554025642d7"
          },
          "sensitive_attributes": [],
          "private": "eyJlMmJmYjczMC1lY2FhLTExZTYtOGY4OC0zNDM2M2JjN2M0YzAiOnsiY3JlYXRlIjo2MDAwMDAwMDAwMDAsImRlbGV0ZSI6OTAwMDAwMDAwMDAwfSwic2NoZW1hX3ZlcnNpb24iOiIxIn0=",
          "dependencies": [
            "module.network.aws_vpc.jungle_vpc"
          ]
        }
      ]
    },
    {
      "module": "module.network",
      "mode": "managed",
      "type": "aws_security_group_rule",
      "name": "jungle_cluster_ingress",
      "provider": "module.network.provider[\"registry.terraform.io/hashicorp/aws\"]",
      "instances": [
        {
          "schema_version": 2,
          "attributes": {
            "cidr_blocks": [
              "0.0.0.0/0"
            ],
            "description": "Allow to communicate with the cluster API Server",
            "from_port": 443,
            "id": "sgrule-2456154403",
            "ipv6_cidr_blocks": [],
            "prefix_list_ids": [],
            "protocol": "tcp",
            "security_group_id": "sg-0f083409dda6ca7e7",
            "self": false,
            "source_security_group_id": null,
            "to_port": 443,
            "type": "ingress"
          },
          "sensitive_attributes": [],
          "private": "eyJzY2hlbWFfdmVyc2lvbiI6IjIifQ==",
          "dependencies": [
            "module.network.aws_security_group.jungle_cluster_sg",
            "module.network.aws_vpc.jungle_vpc"
          ]
        }
      ]
    },
    {
      "module": "module.network",
      "mode": "managed",
      "type": "aws_subnet",
      "name": "jungle_subnet",
      "provider": "module.network.provider[\"registry.terraform.io/hashicorp/aws\"]",
      "instances": [
        {
          "index_key": 0,
          "schema_version": 1,
          "attributes": {
            "arn": "arn:aws:ec2:ap-south-1:260236618763:subnet/subnet-0970f4dc75659d01e",
            "assign_ipv6_address_on_creation": false,
            "availability_zone": "ap-south-1a",
            "availability_zone_id": "aps1-az1",
            "cidr_block": "10.0.0.0/24",
            "customer_owned_ipv4_pool": "",
            "id": "subnet-0970f4dc75659d01e",
            "ipv6_cidr_block": "",
            "ipv6_cidr_block_association_id": "",
            "map_customer_owned_ip_on_launch": false,
            "map_public_ip_on_launch": true,
            "outpost_arn": "",
            "owner_id": "260236618763",
            "tags": {
              "Name": "terraform-eks-demo-node",
              "kubernetes.io/cluster/jungle-eks-cluster": "shared"
            },
            "tags_all": {
              "Name": "terraform-eks-demo-node",
              "kubernetes.io/cluster/jungle-eks-cluster": "shared"
            },
            "timeouts": null,
            "vpc_id": "vpc-00c6e8554025642d7"
          },
          "sensitive_attributes": [],
          "private": "eyJlMmJmYjczMC1lY2FhLTExZTYtOGY4OC0zNDM2M2JjN2M0YzAiOnsiY3JlYXRlIjo2MDAwMDAwMDAwMDAsImRlbGV0ZSI6MTIwMDAwMDAwMDAwMH0sInNjaGVtYV92ZXJzaW9uIjoiMSJ9",
          "dependencies": [
            "module.network.aws_vpc.jungle_vpc"
          ]
        },
        {
          "index_key": 1,
          "schema_version": 1,
          "attributes": {
            "arn": "arn:aws:ec2:ap-south-1:260236618763:subnet/subnet-0349e36d07e4ce1e7",
            "assign_ipv6_address_on_creation": false,
            "availability_zone": "ap-south-1b",
            "availability_zone_id": "aps1-az3",
            "cidr_block": "10.0.1.0/24",
            "customer_owned_ipv4_pool": "",
            "id": "subnet-0349e36d07e4ce1e7",
            "ipv6_cidr_block": "",
            "ipv6_cidr_block_association_id": "",
            "map_customer_owned_ip_on_launch": false,
            "map_public_ip_on_launch": true,
            "outpost_arn": "",
            "owner_id": "260236618763",
            "tags": {
              "Name": "terraform-eks-demo-node",
              "kubernetes.io/cluster/jungle-eks-cluster": "shared"
            },
            "tags_all": {
              "Name": "terraform-eks-demo-node",
              "kubernetes.io/cluster/jungle-eks-cluster": "shared"
            },
            "timeouts": null,
            "vpc_id": "vpc-00c6e8554025642d7"
          },
          "sensitive_attributes": [],
          "private": "eyJlMmJmYjczMC1lY2FhLTExZTYtOGY4OC0zNDM2M2JjN2M0YzAiOnsiY3JlYXRlIjo2MDAwMDAwMDAwMDAsImRlbGV0ZSI6MTIwMDAwMDAwMDAwMH0sInNjaGVtYV92ZXJzaW9uIjoiMSJ9",
          "dependencies": [
            "module.network.aws_vpc.jungle_vpc"
          ]
        }
      ]
    },
    {
      "module": "module.network",
      "mode": "managed",
      "type": "aws_vpc",
      "name": "jungle_vpc",
      "provider": "module.network.provider[\"registry.terraform.io/hashicorp/aws\"]",
      "instances": [
        {
          "schema_version": 1,
          "attributes": {
            "arn": "arn:aws:ec2:ap-south-1:260236618763:vpc/vpc-00c6e8554025642d7",
            "assign_generated_ipv6_cidr_block": false,
            "cidr_block": "10.0.0.0/16",
            "default_network_acl_id": "acl-01878ee52b18fd3ba",
            "default_route_table_id": "rtb-06a4a52e4a2f5fb4b",
            "default_security_group_id": "sg-05718597e7fc95bba",
            "dhcp_options_id": "dopt-3c1bb957",
            "enable_classiclink": null,
            "enable_classiclink_dns_support": null,
            "enable_dns_hostnames": false,
            "enable_dns_support": true,
            "id": "vpc-00c6e8554025642d7",
            "instance_tenancy": "default",
            "ipv6_association_id": "",
            "ipv6_cidr_block": "",
            "main_route_table_id": "rtb-06a4a52e4a2f5fb4b",
            "owner_id": "260236618763",
            "tags": {
              "Name": "jungle-vpc"
            },
            "tags_all": {
              "Name": "jungle-vpc"
            }
          },
          "sensitive_attributes": [],
          "private": "eyJzY2hlbWFfdmVyc2lvbiI6IjEifQ=="
        }
      ]
    }
  ]
}
