{
  "version": 4,
  "terraform_version": "1.0.7",
  "serial": 39,
  "lineage": "a8dcd267-64d4-cbe0-8fb6-73c1d2611f50",
  "outputs": {},
  "resources": [
    {
      "module": "module.network",
      "mode": "managed",
      "type": "aws_eks_cluster",
      "name": "jungle_eks_cluster",
      "provider": "module.network.provider[\"registry.terraform.io/hashicorp/aws\"]",
      "instances": [
        {
          "schema_version": 0,
          "attributes": {
            "arn": "arn:aws:eks:us-east-1:260236618763:cluster/jungle-eks-us-east-1",
            "certificate_authority": [
              {
                "data": "LS0tLS1CRUdJTiBDRVJUSUZJQ0FURS0tLS0tCk1JSUM1ekNDQWMrZ0F3SUJBZ0lCQURBTkJna3Foa2lHOXcwQkFRc0ZBREFWTVJNd0VRWURWUVFERXdwcmRXSmwKY201bGRHVnpNQjRYRFRJeE1UQXlNVEUzTURZeE5Gb1hEVE14TVRBeE9URTNNRFl4TkZvd0ZURVRNQkVHQTFVRQpBeE1LYTNWaVpYSnVaWFJsY3pDQ0FTSXdEUVlKS29aSWh2Y05BUUVCQlFBRGdnRVBBRENDQVFvQ2dnRUJBTXl2CmVHU21IK0FxWDFXQTZkTnQ0NVVkeWVUbk9rK1ZUMHBOM0NkRi9PQUhYVDlUbklMSUR1NlFXeVhvZXRDM2ttZSsKTC9ZYUp4VzdQb1ZvYTBDSHlpNTRnT2RhQUtaLysvZHJ2VWlodEkvellVb3dFMVVQOEgzK0ZrOUNzbzd5a3FxeApCMWc4TjlXdmV4c3FjazNZRXJXREpQd0xaZUZXeGROdWtmUDdyRnY5ZUREZHRFT3dZNGZKZ3NLOHZ2cFVtZTBKCjdQSTEyZmo4cjUvMHhkK2Rjc2gvRDhmSUkyM0wrbWFIRHFpRVdmdmttR2ZpbllGQXA5eTF0NEZwMVVObVBsM0sKWXh0SjFTQnhWdGsyMlUvR3d3aTc5KzAxOEpTL0FNY28rcTZDSHVKVTNqNnJ6UHJScEZzVkxNOGRROGl0MUlscgpNd2NjQnNMR2VRbmRjd1M2VzlNQ0F3RUFBYU5DTUVBd0RnWURWUjBQQVFIL0JBUURBZ0trTUE4R0ExVWRFd0VCCi93UUZNQU1CQWY4d0hRWURWUjBPQkJZRUZPQWtsbE03QSs1QkdmZ2FnV3YvYndsRnVkOHVNQTBHQ1NxR1NJYjMKRFFFQkN3VUFBNElCQVFDQ3NWVlFjRFNBOWxucm8xQ1RqVURQMTRKUUZON2NVWER1eEsveFdxUmk4MkNMVndQZApFRyt5YkNEZU1RQkpXT0o2YTkxdmROeWxCY1R6SzRSUXdQSUxKRi83T3l6WXF3dlRadWsyd2oxZHo4Q05PaDBRCmlJM3RIVzdZQWxsMXhZTjAzRnVDMnNCVE5sYiswNFE2MFJoMnJUQ3JCZmRKVExFQmNLVzR6Q1g2OUZ6Qml3M3UKRUlLN0NNRC9xKzVVc2EvcDVmeE9ESFVMeURqL2pKSG9wcGFpV3NZZjlmTXNXUVlWazhOaGZYdGFLcFRpWGEwOApDTEFqUEpNUTEzczB4TXhjME5QNEJJRE1TUVFpMUJSK2JuSWZTU2Z5dTk2bEtYejd3Nk9LYkRvd0syclNZVFNBCkVGZzRJbTllNFVIeXkvVVBDdVNwc0J3R1hWRldoTU5Xby91OQotLS0tLUVORCBDRVJUSUZJQ0FURS0tLS0tCg=="
              }
            ],
            "created_at": "2021-10-21 16:58:53.452 +0000 UTC",
            "enabled_cluster_log_types": null,
            "encryption_config": [],
            "endpoint": "https://7AA2141AB513A65500B65AF37E7E5DF1.gr7.us-east-1.eks.amazonaws.com",
            "id": "jungle-eks-us-east-1",
            "identity": [
              {
                "oidc": [
                  {
                    "issuer": "https://oidc.eks.us-east-1.amazonaws.com/id/7AA2141AB513A65500B65AF37E7E5DF1"
                  }
                ]
              }
            ],
            "kubernetes_network_config": [
              {
                "service_ipv4_cidr": "172.20.0.0/16"
              }
            ],
            "name": "jungle-eks-us-east-1",
            "platform_version": "eks.2",
            "role_arn": "arn:aws:iam::260236618763:role/jungle-cluster-role-3",
            "status": "ACTIVE",
            "tags": null,
            "tags_all": {},
            "timeouts": null,
            "version": "1.21",
            "vpc_config": [
              {
                "cluster_security_group_id": "sg-089d8d527b37ea8a5",
                "endpoint_private_access": false,
                "endpoint_public_access": true,
                "public_access_cidrs": [
                  "0.0.0.0/0"
                ],
                "security_group_ids": [
                  "sg-031fce2538a714997"
                ],
                "subnet_ids": [
                  "subnet-0aeb6315f5b9303a9",
                  "subnet-0de535dff60d6bd63"
                ],
                "vpc_id": "vpc-014ac1faf23707f26"
              }
            ]
          },
          "sensitive_attributes": [],
          "private": "eyJlMmJmYjczMC1lY2FhLTExZTYtOGY4OC0zNDM2M2JjN2M0YzAiOnsiY3JlYXRlIjoxODAwMDAwMDAwMDAwLCJkZWxldGUiOjkwMDAwMDAwMDAwMCwidXBkYXRlIjozNjAwMDAwMDAwMDAwfX0=",
          "dependencies": [
            "module.network.aws_iam_role.jungle_cluster_role",
            "module.network.aws_iam_role_policy_attachment.jungle_cluster_AmazonEKSClusterPolicy",
            "module.network.aws_iam_role_policy_attachment.jungle_cluster_AmazonEKSVPCResourceController",
            "module.network.aws_security_group.jungle_cluster_sg",
            "module.network.aws_subnet.jungle_subnet"
          ]
        }
      ]
    },
    {
      "module": "module.network",
      "mode": "managed",
      "type": "aws_eks_node_group",
      "name": "jungle_ng",
      "provider": "module.network.provider[\"registry.terraform.io/hashicorp/aws\"]",
      "instances": [
        {
          "schema_version": 0,
          "attributes": {
            "ami_type": "AL2_x86_64",
            "arn": "arn:aws:eks:us-east-1:260236618763:nodegroup/jungle-eks-us-east-1/jungle-ng-1/a6be51eb-0126-9eb5-0efe-e5062f83c810",
            "capacity_type": "ON_DEMAND",
            "cluster_name": "jungle-eks-us-east-1",
            "disk_size": 20,
            "force_update_version": null,
            "id": "jungle-eks-us-east-1:jungle-ng-1",
            "instance_types": [
              "t3.medium"
            ],
            "labels": null,
            "launch_template": [],
            "node_group_name": "jungle-ng-1",
            "node_group_name_prefix": "",
            "node_role_arn": "arn:aws:iam::260236618763:role/jungle-eks-node-3",
            "release_version": "1.21.4-20211013",
            "remote_access": [],
            "resources": [
              {
                "autoscaling_groups": [
                  {
                    "name": "eks-jungle-ng-1-a6be51eb-0126-9eb5-0efe-e5062f83c810"
                  }
                ],
                "remote_access_security_group_id": ""
              }
            ],
            "scaling_config": [
              {
                "desired_size": 1,
                "max_size": 1,
                "min_size": 1
              }
            ],
            "status": "ACTIVE",
            "subnet_ids": [
              "subnet-0aeb6315f5b9303a9",
              "subnet-0de535dff60d6bd63"
            ],
            "tags": null,
            "tags_all": {},
            "taint": [],
            "timeouts": null,
            "update_config": [
              {
                "max_unavailable": 1,
                "max_unavailable_percentage": 0
              }
            ],
            "version": "1.21"
          },
          "sensitive_attributes": [],
          "private": "eyJlMmJmYjczMC1lY2FhLTExZTYtOGY4OC0zNDM2M2JjN2M0YzAiOnsiY3JlYXRlIjozNjAwMDAwMDAwMDAwLCJkZWxldGUiOjM2MDAwMDAwMDAwMDAsInVwZGF0ZSI6MzYwMDAwMDAwMDAwMH19",
          "dependencies": [
            "module.network.aws_eks_cluster.jungle_eks_cluster",
            "module.network.aws_iam_role.jungle_cluster_role",
            "module.network.aws_iam_role.jungle_node",
            "module.network.aws_iam_role_policy_attachment.jungle_cluster_AmazonEKSClusterPolicy",
            "module.network.aws_iam_role_policy_attachment.jungle_cluster_AmazonEKSVPCResourceController",
            "module.network.aws_iam_role_policy_attachment.jungle_node_AmazonEC2ContainerRegistryReadOnly",
            "module.network.aws_iam_role_policy_attachment.jungle_node_AmazonEKSWorkerNodePolicy",
            "module.network.aws_iam_role_policy_attachment.jungle_node_AmazonEKS_CNI_Policy",
            "module.network.aws_security_group.jungle_cluster_sg",
            "module.network.aws_subnet.jungle_subnet"
          ]
        }
      ]
    },
    {
      "module": "module.network",
      "mode": "managed",
      "type": "aws_iam_role",
      "name": "jungle_cluster_role",
      "provider": "module.network.provider[\"registry.terraform.io/hashicorp/aws\"]",
      "instances": [
        {
          "schema_version": 0,
          "attributes": {
            "arn": "arn:aws:iam::260236618763:role/jungle-cluster-role-3",
            "assume_role_policy": "{\"Version\":\"2012-10-17\",\"Statement\":[{\"Effect\":\"Allow\",\"Principal\":{\"Service\":\"eks.amazonaws.com\"},\"Action\":\"sts:AssumeRole\"}]}",
            "create_date": "2021-10-21T16:58:40Z",
            "description": "",
            "force_detach_policies": false,
            "id": "jungle-cluster-role-3",
            "inline_policy": [
              {
                "name": "",
                "policy": ""
              }
            ],
            "managed_policy_arns": [],
            "max_session_duration": 3600,
            "name": "jungle-cluster-role-3",
            "name_prefix": "",
            "path": "/",
            "permissions_boundary": null,
            "tags": null,
            "tags_all": {},
            "unique_id": "AROATZF2PVQFSEGJPXG5H"
          },
          "sensitive_attributes": [],
          "private": "bnVsbA=="
        }
      ]
    },
    {
      "module": "module.network",
      "mode": "managed",
      "type": "aws_iam_role",
      "name": "jungle_node",
      "provider": "module.network.provider[\"registry.terraform.io/hashicorp/aws\"]",
      "instances": [
        {
          "schema_version": 0,
          "attributes": {
            "arn": "arn:aws:iam::260236618763:role/jungle-eks-node-3",
            "assume_role_policy": "{\"Version\":\"2012-10-17\",\"Statement\":[{\"Effect\":\"Allow\",\"Principal\":{\"Service\":\"ec2.amazonaws.com\"},\"Action\":\"sts:AssumeRole\"}]}",
            "create_date": "2021-10-21T16:57:21Z",
            "description": "",
            "force_detach_policies": false,
            "id": "jungle-eks-node-3",
            "inline_policy": [
              {
                "name": "",
                "policy": ""
              }
            ],
            "managed_policy_arns": [],
            "max_session_duration": 3600,
            "name": "jungle-eks-node-3",
            "name_prefix": "",
            "path": "/",
            "permissions_boundary": null,
            "tags": null,
            "tags_all": {},
            "unique_id": "AROATZF2PVQF4S6BO3JK5"
          },
          "sensitive_attributes": [],
          "private": "bnVsbA=="
        }
      ]
    },
    {
      "module": "module.network",
      "mode": "managed",
      "type": "aws_iam_role_policy_attachment",
      "name": "jungle_cluster_AmazonEKSClusterPolicy",
      "provider": "module.network.provider[\"registry.terraform.io/hashicorp/aws\"]",
      "instances": [
        {
          "schema_version": 0,
          "attributes": {
            "id": "jungle-cluster-role-3-20211021165848915500000005",
            "policy_arn": "arn:aws:iam::aws:policy/AmazonEKSClusterPolicy",
            "role": "jungle-cluster-role-3"
          },
          "sensitive_attributes": [],
          "private": "bnVsbA==",
          "dependencies": [
            "module.network.aws_iam_role.jungle_cluster_role"
          ]
        }
      ]
    },
    {
      "module": "module.network",
      "mode": "managed",
      "type": "aws_iam_role_policy_attachment",
      "name": "jungle_cluster_AmazonEKSVPCResourceController",
      "provider": "module.network.provider[\"registry.terraform.io/hashicorp/aws\"]",
      "instances": [
        {
          "schema_version": 0,
          "attributes": {
            "id": "jungle-cluster-role-3-20211021165848204800000004",
            "policy_arn": "arn:aws:iam::aws:policy/AmazonEKSVPCResourceController",
            "role": "jungle-cluster-role-3"
          },
          "sensitive_attributes": [],
          "private": "bnVsbA==",
          "dependencies": [
            "module.network.aws_iam_role.jungle_cluster_role"
          ]
        }
      ]
    },
    {
      "module": "module.network",
      "mode": "managed",
      "type": "aws_iam_role_policy_attachment",
      "name": "jungle_node_AmazonEC2ContainerRegistryReadOnly",
      "provider": "module.network.provider[\"registry.terraform.io/hashicorp/aws\"]",
      "instances": [
        {
          "schema_version": 0,
          "attributes": {
            "id": "jungle-eks-node-3-20211021165732497900000001",
            "policy_arn": "arn:aws:iam::aws:policy/AmazonEC2ContainerRegistryReadOnly",
            "role": "jungle-eks-node-3"
          },
          "sensitive_attributes": [],
          "private": "bnVsbA==",
          "dependencies": [
            "module.network.aws_iam_role.jungle_node"
          ]
        }
      ]
    },
    {
      "module": "module.network",
      "mode": "managed",
      "type": "aws_iam_role_policy_attachment",
      "name": "jungle_node_AmazonEKSWorkerNodePolicy",
      "provider": "module.network.provider[\"registry.terraform.io/hashicorp/aws\"]",
      "instances": [
        {
          "schema_version": 0,
          "attributes": {
            "id": "jungle-eks-node-3-20211021165732514100000002",
            "policy_arn": "arn:aws:iam::aws:policy/AmazonEKSWorkerNodePolicy",
            "role": "jungle-eks-node-3"
          },
          "sensitive_attributes": [],
          "private": "bnVsbA==",
          "dependencies": [
            "module.network.aws_iam_role.jungle_node"
          ]
        }
      ]
    },
    {
      "module": "module.network",
      "mode": "managed",
      "type": "aws_iam_role_policy_attachment",
      "name": "jungle_node_AmazonEKS_CNI_Policy",
      "provider": "module.network.provider[\"registry.terraform.io/hashicorp/aws\"]",
      "instances": [
        {
          "schema_version": 0,
          "attributes": {
            "id": "jungle-eks-node-3-20211021165732523600000003",
            "policy_arn": "arn:aws:iam::aws:policy/AmazonEKS_CNI_Policy",
            "role": "jungle-eks-node-3"
          },
          "sensitive_attributes": [],
          "private": "bnVsbA==",
          "dependencies": [
            "module.network.aws_iam_role.jungle_node"
          ]
        }
      ]
    },
    {
      "module": "module.network",
      "mode": "managed",
      "type": "aws_internet_gateway",
      "name": "jungle_igw",
      "provider": "module.network.provider[\"registry.terraform.io/hashicorp/aws\"]",
      "instances": [
        {
          "schema_version": 0,
          "attributes": {
            "arn": "arn:aws:ec2:us-east-1:260236618763:internet-gateway/igw-0d4e573bd78963084",
            "id": "igw-0d4e573bd78963084",
            "owner_id": "260236618763",
            "tags": {
              "Name": "jungle-eks-igw"
            },
            "tags_all": {
              "Name": "jungle-eks-igw"
            },
            "vpc_id": "vpc-014ac1faf23707f26"
          },
          "sensitive_attributes": [],
          "private": "bnVsbA==",
          "dependencies": [
            "module.network.aws_vpc.jungle_vpc"
          ]
        }
      ]
    },
    {
      "module": "module.network",
      "mode": "managed",
      "type": "aws_route_table",
      "name": "jungle_route_table",
      "provider": "module.network.provider[\"registry.terraform.io/hashicorp/aws\"]",
      "instances": [
        {
          "schema_version": 0,
          "attributes": {
            "arn": "arn:aws:ec2:us-east-1:260236618763:route-table/rtb-07eb221e512967d2a",
            "id": "rtb-07eb221e512967d2a",
            "owner_id": "260236618763",
            "propagating_vgws": [],
            "route": [
              {
                "carrier_gateway_id": "",
                "cidr_block": "0.0.0.0/0",
                "destination_prefix_list_id": "",
                "egress_only_gateway_id": "",
                "gateway_id": "igw-0d4e573bd78963084",
                "instance_id": "",
                "ipv6_cidr_block": "",
                "local_gateway_id": "",
                "nat_gateway_id": "",
                "network_interface_id": "",
                "transit_gateway_id": "",
                "vpc_endpoint_id": "",
                "vpc_peering_connection_id": ""
              }
            ],
            "tags": {},
            "tags_all": {},
            "timeouts": null,
            "vpc_id": "vpc-014ac1faf23707f26"
          },
          "sensitive_attributes": [],
          "private": "eyJlMmJmYjczMC1lY2FhLTExZTYtOGY4OC0zNDM2M2JjN2M0YzAiOnsiY3JlYXRlIjoxMjAwMDAwMDAwMDAsImRlbGV0ZSI6MzAwMDAwMDAwMDAwLCJ1cGRhdGUiOjEyMDAwMDAwMDAwMH19",
          "dependencies": [
            "module.network.aws_internet_gateway.jungle_igw",
            "module.network.aws_vpc.jungle_vpc"
          ]
        }
      ]
    },
    {
      "module": "module.network",
      "mode": "managed",
      "type": "aws_route_table_association",
      "name": "jungle_route_table_association",
      "provider": "module.network.provider[\"registry.terraform.io/hashicorp/aws\"]",
      "instances": [
        {
          "index_key": 0,
          "schema_version": 0,
          "attributes": {
            "gateway_id": "",
            "id": "rtbassoc-01f4b64cde8330a98",
            "route_table_id": "rtb-07eb221e512967d2a",
            "subnet_id": "subnet-0aeb6315f5b9303a9"
          },
          "sensitive_attributes": [],
          "private": "bnVsbA==",
          "dependencies": [
            "module.network.aws_internet_gateway.jungle_igw",
            "module.network.aws_route_table.jungle_route_table",
            "module.network.aws_subnet.jungle_subnet",
            "module.network.aws_vpc.jungle_vpc"
          ]
        },
        {
          "index_key": 1,
          "schema_version": 0,
          "attributes": {
            "gateway_id": "",
            "id": "rtbassoc-068ebd9222a0cc97f",
            "route_table_id": "rtb-07eb221e512967d2a",
            "subnet_id": "subnet-0de535dff60d6bd63"
          },
          "sensitive_attributes": [],
          "private": "bnVsbA==",
          "dependencies": [
            "module.network.aws_vpc.jungle_vpc",
            "module.network.aws_internet_gateway.jungle_igw",
            "module.network.aws_route_table.jungle_route_table",
            "module.network.aws_subnet.jungle_subnet"
          ]
        }
      ]
    },
    {
      "module": "module.network",
      "mode": "managed",
      "type": "aws_security_group",
      "name": "jungle_cluster_sg",
      "provider": "module.network.provider[\"registry.terraform.io/hashicorp/aws\"]",
      "instances": [
        {
          "schema_version": 1,
          "attributes": {
            "arn": "arn:aws:ec2:us-east-1:260236618763:security-group/sg-031fce2538a714997",
            "description": "Cluster communication with worker nodes",
            "egress": [
              {
                "cidr_blocks": [
                  "0.0.0.0/0"
                ],
                "description": "",
                "from_port": 0,
                "ipv6_cidr_blocks": [],
                "prefix_list_ids": [],
                "protocol": "-1",
                "security_groups": [],
                "self": false,
                "to_port": 0
              }
            ],
            "id": "sg-031fce2538a714997",
            "ingress": [
              {
                "cidr_blocks": [
                  "0.0.0.0/0"
                ],
                "description": "Allow to communicate with the cluster API Server",
                "from_port": 443,
                "ipv6_cidr_blocks": [],
                "prefix_list_ids": [],
                "protocol": "tcp",
                "security_groups": [],
                "self": false,
                "to_port": 443
              }
            ],
            "name": "jungle-cluster-sg",
            "name_prefix": "",
            "owner_id": "260236618763",
            "revoke_rules_on_delete": false,
            "tags": {
              "Name": "jungle-eks"
            },
            "tags_all": {
              "Name": "jungle-eks"
            },
            "timeouts": null,
            "vpc_id": "vpc-014ac1faf23707f26"
          },
          "sensitive_attributes": [],
          "private": "eyJlMmJmYjczMC1lY2FhLTExZTYtOGY4OC0zNDM2M2JjN2M0YzAiOnsiY3JlYXRlIjo2MDAwMDAwMDAwMDAsImRlbGV0ZSI6OTAwMDAwMDAwMDAwfSwic2NoZW1hX3ZlcnNpb24iOiIxIn0=",
          "dependencies": [
            "module.network.aws_vpc.jungle_vpc"
          ]
        }
      ]
    },
    {
      "module": "module.network",
      "mode": "managed",
      "type": "aws_security_group_rule",
      "name": "jungle_cluster_ingress",
      "provider": "module.network.provider[\"registry.terraform.io/hashicorp/aws\"]",
      "instances": [
        {
          "schema_version": 2,
          "attributes": {
            "cidr_blocks": [
              "0.0.0.0/0"
            ],
            "description": "Allow to communicate with the cluster API Server",
            "from_port": 443,
            "id": "sgrule-2538977499",
            "ipv6_cidr_blocks": [],
            "prefix_list_ids": [],
            "protocol": "tcp",
            "security_group_id": "sg-031fce2538a714997",
            "self": false,
            "source_security_group_id": null,
            "to_port": 443,
            "type": "ingress"
          },
          "sensitive_attributes": [],
          "private": "eyJzY2hlbWFfdmVyc2lvbiI6IjIifQ==",
          "dependencies": [
            "module.network.aws_security_group.jungle_cluster_sg",
            "module.network.aws_vpc.jungle_vpc"
          ]
        }
      ]
    },
    {
      "module": "module.network",
      "mode": "managed",
      "type": "aws_subnet",
      "name": "jungle_subnet",
      "provider": "module.network.provider[\"registry.terraform.io/hashicorp/aws\"]",
      "instances": [
        {
          "index_key": 0,
          "schema_version": 1,
          "attributes": {
            "arn": "arn:aws:ec2:us-east-1:260236618763:subnet/subnet-0aeb6315f5b9303a9",
            "assign_ipv6_address_on_creation": false,
            "availability_zone": "us-east-1a",
            "availability_zone_id": "use1-az2",
            "cidr_block": "10.0.0.0/24",
            "customer_owned_ipv4_pool": "",
            "id": "subnet-0aeb6315f5b9303a9",
            "ipv6_cidr_block": "",
            "ipv6_cidr_block_association_id": "",
            "map_customer_owned_ip_on_launch": false,
            "map_public_ip_on_launch": true,
            "outpost_arn": "",
            "owner_id": "260236618763",
            "tags": {
              "Name": "terraform-eks-demo-node",
              "kubernetes.io/cluster/jungle-eks-us-east-1": "shared"
            },
            "tags_all": {
              "Name": "terraform-eks-demo-node",
              "kubernetes.io/cluster/jungle-eks-us-east-1": "shared"
            },
            "timeouts": null,
            "vpc_id": "vpc-014ac1faf23707f26"
          },
          "sensitive_attributes": [],
          "private": "eyJlMmJmYjczMC1lY2FhLTExZTYtOGY4OC0zNDM2M2JjN2M0YzAiOnsiY3JlYXRlIjo2MDAwMDAwMDAwMDAsImRlbGV0ZSI6MTIwMDAwMDAwMDAwMH0sInNjaGVtYV92ZXJzaW9uIjoiMSJ9",
          "dependencies": [
            "module.network.aws_vpc.jungle_vpc"
          ]
        },
        {
          "index_key": 1,
          "schema_version": 1,
          "attributes": {
            "arn": "arn:aws:ec2:us-east-1:260236618763:subnet/subnet-0de535dff60d6bd63",
            "assign_ipv6_address_on_creation": false,
            "availability_zone": "us-east-1b",
            "availability_zone_id": "use1-az4",
            "cidr_block": "10.0.1.0/24",
            "customer_owned_ipv4_pool": "",
            "id": "subnet-0de535dff60d6bd63",
            "ipv6_cidr_block": "",
            "ipv6_cidr_block_association_id": "",
            "map_customer_owned_ip_on_launch": false,
            "map_public_ip_on_launch": true,
            "outpost_arn": "",
            "owner_id": "260236618763",
            "tags": {
              "Name": "terraform-eks-demo-node",
              "kubernetes.io/cluster/jungle-eks-us-east-1": "shared"
            },
            "tags_all": {
              "Name": "terraform-eks-demo-node",
              "kubernetes.io/cluster/jungle-eks-us-east-1": "shared"
            },
            "timeouts": null,
            "vpc_id": "vpc-014ac1faf23707f26"
          },
          "sensitive_attributes": [],
          "private": "eyJlMmJmYjczMC1lY2FhLTExZTYtOGY4OC0zNDM2M2JjN2M0YzAiOnsiY3JlYXRlIjo2MDAwMDAwMDAwMDAsImRlbGV0ZSI6MTIwMDAwMDAwMDAwMH0sInNjaGVtYV92ZXJzaW9uIjoiMSJ9",
          "dependencies": [
            "module.network.aws_vpc.jungle_vpc"
          ]
        }
      ]
    },
    {
      "module": "module.network",
      "mode": "managed",
      "type": "aws_vpc",
      "name": "jungle_vpc",
      "provider": "module.network.provider[\"registry.terraform.io/hashicorp/aws\"]",
      "instances": [
        {
          "schema_version": 1,
          "attributes": {
            "arn": "arn:aws:ec2:us-east-1:260236618763:vpc/vpc-014ac1faf23707f26",
            "assign_generated_ipv6_cidr_block": false,
            "cidr_block": "10.0.0.0/16",
            "default_network_acl_id": "acl-0741d7750aed1d149",
            "default_route_table_id": "rtb-059030691495fd377",
            "default_security_group_id": "sg-0e3b9e444080f03b1",
            "dhcp_options_id": "dopt-a3dcf7d9",
            "enable_classiclink": false,
            "enable_classiclink_dns_support": false,
            "enable_dns_hostnames": false,
            "enable_dns_support": true,
            "id": "vpc-014ac1faf23707f26",
            "instance_tenancy": "default",
            "ipv6_association_id": "",
            "ipv6_cidr_block": "",
            "main_route_table_id": "rtb-059030691495fd377",
            "owner_id": "260236618763",
            "tags": {
              "Name": "jungle-vpc"
            },
            "tags_all": {
              "Name": "jungle-vpc"
            }
          },
          "sensitive_attributes": [],
          "private": "eyJzY2hlbWFfdmVyc2lvbiI6IjEifQ=="
        }
      ]
    }
  ]
}
